{
  "name": "@owll/func-spy",
  "version": "1.0.2",
  "lockfileVersion": 3,
  "requires": true,
  "packages": {
    "": {
      "name": "@owll/func-spy",
      "version": "1.0.2",
      "license": "MIT",
      "dependencies": {
        "@owll/func-spy": "file:",
        "@owll/funcy-spy": "file:",
        "acorn": "^8.14.1",
        "acorn-walk": "^8.3.4"
      },
      "bin": {
        "func-spy": "index.cjs"
      },
      "engines": {
        "node": ">=14.0.0"
      }
    },
    "node_modules/@owll/func-spy": {
      "resolved": "",
      "link": true
    },
    "node_modules/@owll/funcy-spy": {
      "resolved": "",
      "link": true
    },
    "node_modules/acorn": {
      "version": "8.14.1",
      "resolved": "https://registry.npmjs.org/acorn/-/acorn-8.14.1.tgz",
      "integrity": "sha512-OvQ/2pUDKmgfCg++xsTX1wGxfTaszcHVcTctW4UJB4hibJx2HXxxO5UmVgyjMa+ZDsiaf5wWLXYpRWMmBI0QHg==",
      "license": "MIT",
      "bin": {
        "acorn": "bin/acorn"
      },
      "engines": {
        "node": ">=0.4.0"
      }
    },
    "node_modules/acorn-walk": {
      "version": "8.3.4",
      "resolved": "https://registry.npmjs.org/acorn-walk/-/acorn-walk-8.3.4.tgz",
      "integrity": "sha512-ueEepnujpqee2o5aIYnvHU6C0A42MNdsIDeqy5BydrkuC5R1ZuUFnm27EeFJGoEHJQgn3uleRvmTXaJgfXbt4g==",
      "license": "MIT",
      "dependencies": {
        "acorn": "^8.11.0"
      },
      "engines": {
        "node": ">=0.4.0"
      }
    }
  }
}
